
Microsoft Visual Studio Solution File, Format Version 12.00
# Visual Studio Version 17
VisualStudioVersion = 17.12.35728.132
MinimumVisualStudioVersion = 10.0.40219.1
Project("{FAE04EC0-301F-11D3-BF4B-00C04F79EFBC}") = "Business", "Business\Business.csproj", "{B928431E-BE94-4F5C-9B99-F37AFDFF8556}"
EndProject
Project("{FAE04EC0-301F-11D3-BF4B-00C04F79EFBC}") = "DataAccess", "DataAccess\DataAccess.csproj", "{08896A38-4CDC-45BE-9525-B3A591DBB52B}"
EndProject
Project("{FAE04EC0-301F-11D3-BF4B-00C04F79EFBC}") = "Repositories", "Repositories\Repositories.csproj", "{C07069C2-003E-411E-A41E-92F2BF7A1F5A}"
EndProject
Project("{FAE04EC0-301F-11D3-BF4B-00C04F79EFBC}") = "Assignment_2", "Assignment_2\Assignment_2.csproj", "{2F3F74D6-8FE7-4213-A104-C9A737828E10}"
EndProject
Global
	GlobalSection(SolutionConfigurationPlatforms) = preSolution
		Debug|Any CPU = Debug|Any CPU
		Release|Any CPU = Release|Any CPU
	EndGlobalSection
	GlobalSection(ProjectConfigurationPlatforms) = postSolution
		{B928431E-BE94-4F5C-9B99-F37AFDFF8556}.Debug|Any CPU.ActiveCfg = Debug|Any CPU
		{B928431E-BE94-4F5C-9B99-F37AFDFF8556}.Debug|Any CPU.Build.0 = Debug|Any CPU
		{B928431E-BE94-4F5C-9B99-F37AFDFF8556}.Release|Any CPU.ActiveCfg = Release|Any CPU
		{B928431E-BE94-4F5C-9B99-F37AFDFF8556}.Release|Any CPU.Build.0 = Release|Any CPU
		{08896A38-4CDC-45BE-9525-B3A591DBB52B}.Debug|Any CPU.ActiveCfg = Debug|Any CPU
		{08896A38-4CDC-45BE-9525-B3A591DBB52B}.Debug|Any CPU.Build.0 = Debug|Any CPU
		{08896A38-4CDC-45BE-9525-B3A591DBB52B}.Release|Any CPU.ActiveCfg = Release|Any CPU
		{08896A38-4CDC-45BE-9525-B3A591DBB52B}.Release|Any CPU.Build.0 = Release|Any CPU
		{C07069C2-003E-411E-A41E-92F2BF7A1F5A}.Debug|Any CPU.ActiveCfg = Debug|Any CPU
		{C07069C2-003E-411E-A41E-92F2BF7A1F5A}.Debug|Any CPU.Build.0 = Debug|Any CPU
		{C07069C2-003E-411E-A41E-92F2BF7A1F5A}.Release|Any CPU.ActiveCfg = Release|Any CPU
		{C07069C2-003E-411E-A41E-92F2BF7A1F5A}.Release|Any CPU.Build.0 = Release|Any CPU
		{2F3F74D6-8FE7-4213-A104-C9A737828E10}.Debug|Any CPU.ActiveCfg = Debug|Any CPU
		{2F3F74D6-8FE7-4213-A104-C9A737828E10}.Debug|Any CPU.Build.0 = Debug|Any CPU
		{2F3F74D6-8FE7-4213-A104-C9A737828E10}.Release|Any CPU.ActiveCfg = Release|Any CPU
		{2F3F74D6-8FE7-4213-A104-C9A737828E10}.Release|Any CPU.Build.0 = Release|Any CPU
	EndGlobalSection
	GlobalSection(SolutionProperties) = preSolution
		HideSolutionNode = FALSE
	EndGlobalSection
EndGlobal
