
Microsoft Visual Studio Solution File, Format Version 12.00
# Visual Studio Version 17
VisualStudioVersion = 17.11.35431.28
MinimumVisualStudioVersion = 10.0.40219.1
Project("{FAE04EC0-301F-11D3-BF4B-00C04F79EFBC}") = "ServerApp", "Lab1\ServerApp.csproj", "{AEC73DD6-EB75-4986-9EF0-0887714A25BA}"
EndProject
Project("{FAE04EC0-301F-11D3-BF4B-00C04F79EFBC}") = "ClientApp", "ClientApp\ClientApp.csproj", "{92B6B0E0-27E1-436F-A6E7-0F1C822A3042}"
EndProject
Global
	GlobalSection(SolutionConfigurationPlatforms) = preSolution
		Debug|Any CPU = Debug|Any CPU
		Release|Any CPU = Release|Any CPU
	EndGlobalSection
	GlobalSection(ProjectConfigurationPlatforms) = postSolution
		{AEC73DD6-EB75-4986-9EF0-0887714A25BA}.Debug|Any CPU.ActiveCfg = Debug|Any CPU
		{AEC73DD6-EB75-4986-9EF0-0887714A25BA}.Debug|Any CPU.Build.0 = Debug|Any CPU
		{AEC73DD6-EB75-4986-9EF0-0887714A25BA}.Release|Any CPU.ActiveCfg = Release|Any CPU
		{AEC73DD6-EB75-4986-9EF0-0887714A25BA}.Release|Any CPU.Build.0 = Release|Any CPU
		{92B6B0E0-27E1-436F-A6E7-0F1C822A3042}.Debug|Any CPU.ActiveCfg = Debug|Any CPU
		{92B6B0E0-27E1-436F-A6E7-0F1C822A3042}.Debug|Any CPU.Build.0 = Debug|Any CPU
		{92B6B0E0-27E1-436F-A6E7-0F1C822A3042}.Release|Any CPU.ActiveCfg = Release|Any CPU
		{92B6B0E0-27E1-436F-A6E7-0F1C822A3042}.Release|Any CPU.Build.0 = Release|Any CPU
	EndGlobalSection
	GlobalSection(SolutionProperties) = preSolution
		HideSolutionNode = FALSE
	EndGlobalSection
	GlobalSection(ExtensibilityGlobals) = postSolution
		SolutionGuid = {B7FC36EF-78D7-4689-8065-5443200F6BC4}
	EndGlobalSection
EndGlobal
